
Microsoft Visual Studio Solution File, Format Version 12.00
# Visual Studio 15
VisualStudioVersion = 15.0.27004.2005
MinimumVisualStudioVersion = 10.0.40219.1
Project("{9A19103F-16F7-4668-BE54-9A1E7A4F7556}") = "GuyMcBeth.com", "GuyMcBeth.com\GuyMcBeth.com.csproj", "{0FEFB866-0FD7-4D18-ACAD-88293F411831}"
EndProject
Global
	GlobalSection(SolutionConfigurationPlatforms) = preSolution
		Debug|Any CPU = Debug|Any CPU
		Release|Any CPU = Release|Any CPU
	EndGlobalSection
	GlobalSection(ProjectConfigurationPlatforms) = postSolution
		{0FEFB866-0FD7-4D18-ACAD-88293F411831}.Debug|Any CPU.ActiveCfg = Debug|Any CPU
		{0FEFB866-0FD7-4D18-ACAD-88293F411831}.Debug|Any CPU.Build.0 = Debug|Any CPU
		{0FEFB866-0FD7-4D18-ACAD-88293F411831}.Release|Any CPU.ActiveCfg = Release|Any CPU
		{0FEFB866-0FD7-4D18-ACAD-88293F411831}.Release|Any CPU.Build.0 = Release|Any CPU
	EndGlobalSection
	GlobalSection(SolutionProperties) = preSolution
		HideSolutionNode = FALSE
	EndGlobalSection
	GlobalSection(ExtensibilityGlobals) = postSolution
		SolutionGuid = {CF69E0D2-8F1A-4816-9171-DB96CEB88AA1}
	EndGlobalSection
EndGlobal
